// !$*UTF8*$!
{
	archiveVersion = 1;
	classes = {
	};
	objectVersion = 46;
	objects = {

/* Begin PBXBuildFile section */
		2508E6741F2742DE00859C5B /* UIKit.framework in Frameworks */ = {isa = PBXBuildFile; fileRef = 2508E6731F2742DE00859C5B /* UIKit.framework */; };
		2508E6761F2742DE00859C5B /* Foundation.framework in Frameworks */ = {isa = PBXBuildFile; fileRef = 2508E6751F2742DE00859C5B /* Foundation.framework */; };
		2508E6781F2742DE00859C5B /* CoreGraphics.framework in Frameworks */ = {isa = PBXBuildFile; fileRef = 2508E6771F2742DE00859C5B /* CoreGraphics.framework */; };
		2508E6801F2742DE00859C5B /* main.m in Sources */ = {isa = PBXBuildFile; fileRef = 2508E67F1F2742DE00859C5B /* main.m */; };
		2508E6931F2749F000859C5B /* Images.xcassets in Resources */ = {isa = PBXBuildFile; fileRef = 2508E6921F2749F000859C5B /* Images.xcassets */; };
		2508E6961F274AA000859C5B /* AppDelegate.m in Sources */ = {isa = PBXBuildFile; fileRef = 2508E6951F274AA000859C5B /* AppDelegate.m */; };
		2508E69E1F274B3D00859C5B /* PXLHomeViewController.m in Sources */ = {isa = PBXBuildFile; fileRef = 2508E69D1F274B3D00859C5B /* PXLHomeViewController.m */; };
		2510C6D01F2D7B800040EDB8 /* JY_HttpProxy.m in Sources */ = {isa = PBXBuildFile; fileRef = 2510C6CF1F2D7B800040EDB8 /* JY_HttpProxy.m */; };
		2510C6D31F2D84FC0040EDB8 /* JY_HttpResponse.m in Sources */ = {isa = PBXBuildFile; fileRef = 2510C6D21F2D84FC0040EDB8 /* JY_HttpResponse.m */; };
		2510C6D61F2DAE380040EDB8 /* NSObject+AddMethods.m in Sources */ = {isa = PBXBuildFile; fileRef = 2510C6D51F2DAE380040EDB8 /* NSObject+AddMethods.m */; };
		2512E8DB1F283B9400449AF2 /* UIView+AddAttributes.m in Sources */ = {isa = PBXBuildFile; fileRef = 2512E8DA1F283B9400449AF2 /* UIView+AddAttributes.m */; };
		2512E8DE1F283C2D00449AF2 /* UIView+AddMethods.m in Sources */ = {isa = PBXBuildFile; fileRef = 2512E8DD1F283C2D00449AF2 /* UIView+AddMethods.m */; };
		2512E8E11F28620200449AF2 /* UIImage+AddMethods.m in Sources */ = {isa = PBXBuildFile; fileRef = 2512E8E01F28620200449AF2 /* UIImage+AddMethods.m */; };
		2512E8E41F28655000449AF2 /* NSDate+AddMethods.m in Sources */ = {isa = PBXBuildFile; fileRef = 2512E8E31F28655000449AF2 /* NSDate+AddMethods.m */; };
		2512E8E71F286D3100449AF2 /* NSString+AddMethods.m in Sources */ = {isa = PBXBuildFile; fileRef = 2512E8E61F286D3100449AF2 /* NSString+AddMethods.m */; };
		2512E8EA1F287CD700449AF2 /* UIButton+AddMethods.m in Sources */ = {isa = PBXBuildFile; fileRef = 2512E8E91F287CD700449AF2 /* UIButton+AddMethods.m */; };
		2512E8ED1F28808000449AF2 /* UIColor+AddMethods.m in Sources */ = {isa = PBXBuildFile; fileRef = 2512E8EC1F28808000449AF2 /* UIColor+AddMethods.m */; };
		2512E8F31F28879800449AF2 /* PXLHomeModel.m in Sources */ = {isa = PBXBuildFile; fileRef = 2512E8F21F28879800449AF2 /* PXLHomeModel.m */; };
		2512E8F61F2887B000449AF2 /* PXLHomeView.m in Sources */ = {isa = PBXBuildFile; fileRef = 2512E8F51F2887B000449AF2 /* PXLHomeView.m */; };
		251536B81F41A07100FFF640 /* TabBarInfo.plist in Resources */ = {isa = PBXBuildFile; fileRef = 251536B71F41A07100FFF640 /* TabBarInfo.plist */; };
		251536BC1F41A73F00FFF640 /* JY_TabBarController.m in Sources */ = {isa = PBXBuildFile; fileRef = 251536BB1F41A73F00FFF640 /* JY_TabBarController.m */; };
		251536BF1F41A77300FFF640 /* JY_NavigationVController.m in Sources */ = {isa = PBXBuildFile; fileRef = 251536BE1F41A77300FFF640 /* JY_NavigationVController.m */; };
		2515924B1F3AB85900AC9B76 /* JY_HttpDownloadProxy.m in Sources */ = {isa = PBXBuildFile; fileRef = 2515924A1F3AB85900AC9B76 /* JY_HttpDownloadProxy.m */; };
		2515924E1F3ABA5D00AC9B76 /* JY_HttpDownload.m in Sources */ = {isa = PBXBuildFile; fileRef = 2515924D1F3ABA5D00AC9B76 /* JY_HttpDownload.m */; };
		251592511F3ABD4A00AC9B76 /* Jy_BaseDownloadModel.m in Sources */ = {isa = PBXBuildFile; fileRef = 251592501F3ABD4A00AC9B76 /* Jy_BaseDownloadModel.m */; };
		251592541F3ADC7E00AC9B76 /* PXLDownLoadViewController.m in Sources */ = {isa = PBXBuildFile; fileRef = 251592531F3ADC7E00AC9B76 /* PXLDownLoadViewController.m */; };
		251694C91F3026F400279E6B /* JYProgressHUD.m in Sources */ = {isa = PBXBuildFile; fileRef = 251694C81F3026F400279E6B /* JYProgressHUD.m */; };
		251694CC1F3028A900279E6B /* JYModelView.m in Sources */ = {isa = PBXBuildFile; fileRef = 251694CB1F3028A900279E6B /* JYModelView.m */; };
		251694CF1F302AE700279E6B /* JYModelModel.m in Sources */ = {isa = PBXBuildFile; fileRef = 251694CE1F302AE700279E6B /* JYModelModel.m */; };
		251694D21F302B8C00279E6B /* JYModelViewController.m in Sources */ = {isa = PBXBuildFile; fileRef = 251694D11F302B8C00279E6B /* JYModelViewController.m */; };
		25198E0E1F2EAD0A00F481CA /* JY_BaseResponseModel.m in Sources */ = {isa = PBXBuildFile; fileRef = 25198E0D1F2EAD0A00F481CA /* JY_BaseResponseModel.m */; };
		251D38701F32A62E00246B35 /* JY_HttpRequestManager.m in Sources */ = {isa = PBXBuildFile; fileRef = 251D386F1F32A62E00246B35 /* JY_HttpRequestManager.m */; };
		251D38781F32F6AE00246B35 /* UserModel.m in Sources */ = {isa = PBXBuildFile; fileRef = 251D38771F32F6AE00246B35 /* UserModel.m */; };
		252FCE881F3161B1008FADD9 /* JYNoNetWorkView.m in Sources */ = {isa = PBXBuildFile; fileRef = 252FCE871F3161B1008FADD9 /* JYNoNetWorkView.m */; };
		252FCE8D1F31C6A9008FADD9 /* JYCache.m in Sources */ = {isa = PBXBuildFile; fileRef = 252FCE8C1F31C6A9008FADD9 /* JYCache.m */; };
		253B9D541F2EC83100890D24 /* JY_MonitorNewWork.m in Sources */ = {isa = PBXBuildFile; fileRef = 253B9D531F2EC83100890D24 /* JY_MonitorNewWork.m */; };
		253B9D581F2ED3E200890D24 /* JY_HttpRequest.m in Sources */ = {isa = PBXBuildFile; fileRef = 253B9D571F2ED3E200890D24 /* JY_HttpRequest.m */; };
		25B422B81F2F277700072214 /* PXLHomeSubModel.m in Sources */ = {isa = PBXBuildFile; fileRef = 25B422B71F2F277700072214 /* PXLHomeSubModel.m */; };
		25D4DFB61F34535000313DC6 /* JYMD5.m in Sources */ = {isa = PBXBuildFile; fileRef = 25D4DFB51F34535000313DC6 /* JYMD5.m */; };
		34C5F5A24C1938571327DA75 /* libPods-JYProject.a in Frameworks */ = {isa = PBXBuildFile; fileRef = 65AB226639E0E6E966EA58B0 /* libPods-JYProject.a */; };
/* End PBXBuildFile section */

/* Begin PBXFileReference section */
		2508E6701F2742DE00859C5B /* JYProject.app */ = {isa = PBXFileReference; explicitFileType = wrapper.application; includeInIndex = 0; path = JYProject.app; sourceTree = BUILT_PRODUCTS_DIR; };
		2508E6731F2742DE00859C5B /* UIKit.framework */ = {isa = PBXFileReference; lastKnownFileType = wrapper.framework; name = UIKit.framework; path = System/Library/Frameworks/UIKit.framework; sourceTree = SDKROOT; };
		2508E6751F2742DE00859C5B /* Foundation.framework */ = {isa = PBXFileReference; lastKnownFileType = wrapper.framework; name = Foundation.framework; path = System/Library/Frameworks/Foundation.framework; sourceTree = SDKROOT; };
		2508E6771F2742DE00859C5B /* CoreGraphics.framework */ = {isa = PBXFileReference; lastKnownFileType = wrapper.framework; name = CoreGraphics.framework; path = System/Library/Frameworks/CoreGraphics.framework; sourceTree = SDKROOT; };
		2508E67D1F2742DE00859C5B /* Info.plist */ = {isa = PBXFileReference; lastKnownFileType = text.plist.xml; name = Info.plist; path = SupportingFiles/Info.plist; sourceTree = "<group>"; };
		2508E67E1F2742DE00859C5B /* Prefix.pch */ = {isa = PBXFileReference; lastKnownFileType = sourcecode.c.h; name = Prefix.pch; path = SupportingFiles/Prefix.pch; sourceTree = "<group>"; };
		2508E67F1F2742DE00859C5B /* main.m */ = {isa = PBXFileReference; lastKnownFileType = sourcecode.c.objc; name = main.m; path = SupportingFiles/main.m; sourceTree = "<group>"; };
		2508E6921F2749F000859C5B /* Images.xcassets */ = {isa = PBXFileReference; lastKnownFileType = folder.assetcatalog; path = Images.xcassets; sourceTree = "<group>"; };
		2508E6941F274AA000859C5B /* AppDelegate.h */ = {isa = PBXFileReference; fileEncoding = 4; lastKnownFileType = sourcecode.c.h; name = AppDelegate.h; path = SupportingFiles/AppDelegate.h; sourceTree = "<group>"; };
		2508E6951F274AA000859C5B /* AppDelegate.m */ = {isa = PBXFileReference; fileEncoding = 4; lastKnownFileType = sourcecode.c.objc; name = AppDelegate.m; path = SupportingFiles/AppDelegate.m; sourceTree = "<group>"; };
		2508E69C1F274B3D00859C5B /* PXLHomeViewController.h */ = {isa = PBXFileReference; fileEncoding = 4; lastKnownFileType = sourcecode.c.h; path = PXLHomeViewController.h; sourceTree = "<group>"; };
		2508E69D1F274B3D00859C5B /* PXLHomeViewController.m */ = {isa = PBXFileReference; fileEncoding = 4; lastKnownFileType = sourcecode.c.objc; path = PXLHomeViewController.m; sourceTree = "<group>"; };
		2510C6CE1F2D7B800040EDB8 /* JY_HttpProxy.h */ = {isa = PBXFileReference; fileEncoding = 4; lastKnownFileType = sourcecode.c.h; path = JY_HttpProxy.h; sourceTree = "<group>"; };
		2510C6CF1F2D7B800040EDB8 /* JY_HttpProxy.m */ = {isa = PBXFileReference; fileEncoding = 4; lastKnownFileType = sourcecode.c.objc; path = JY_HttpProxy.m; sourceTree = "<group>"; };
		2510C6D11F2D84FC0040EDB8 /* JY_HttpResponse.h */ = {isa = PBXFileReference; fileEncoding = 4; lastKnownFileType = sourcecode.c.h; path = JY_HttpResponse.h; sourceTree = "<group>"; };
		2510C6D21F2D84FC0040EDB8 /* JY_HttpResponse.m */ = {isa = PBXFileReference; fileEncoding = 4; lastKnownFileType = sourcecode.c.objc; path = JY_HttpResponse.m; sourceTree = "<group>"; };
		2510C6D41F2DAE380040EDB8 /* NSObject+AddMethods.h */ = {isa = PBXFileReference; fileEncoding = 4; lastKnownFileType = sourcecode.c.h; path = "NSObject+AddMethods.h"; sourceTree = "<group>"; };
		2510C6D51F2DAE380040EDB8 /* NSObject+AddMethods.m */ = {isa = PBXFileReference; fileEncoding = 4; lastKnownFileType = sourcecode.c.objc; path = "NSObject+AddMethods.m"; sourceTree = "<group>"; };
		2512E8D91F283B9400449AF2 /* UIView+AddAttributes.h */ = {isa = PBXFileReference; fileEncoding = 4; lastKnownFileType = sourcecode.c.h; path = "UIView+AddAttributes.h"; sourceTree = "<group>"; };
		2512E8DA1F283B9400449AF2 /* UIView+AddAttributes.m */ = {isa = PBXFileReference; fileEncoding = 4; lastKnownFileType = sourcecode.c.objc; path = "UIView+AddAttributes.m"; sourceTree = "<group>"; };
		2512E8DC1F283C2D00449AF2 /* UIView+AddMethods.h */ = {isa = PBXFileReference; fileEncoding = 4; lastKnownFileType = sourcecode.c.h; path = "UIView+AddMethods.h"; sourceTree = "<group>"; };
		2512E8DD1F283C2D00449AF2 /* UIView+AddMethods.m */ = {isa = PBXFileReference; fileEncoding = 4; lastKnownFileType = sourcecode.c.objc; path = "UIView+AddMethods.m"; sourceTree = "<group>"; };
		2512E8DF1F28620200449AF2 /* UIImage+AddMethods.h */ = {isa = PBXFileReference; fileEncoding = 4; lastKnownFileType = sourcecode.c.h; path = "UIImage+AddMethods.h"; sourceTree = "<group>"; };
		2512E8E01F28620200449AF2 /* UIImage+AddMethods.m */ = {isa = PBXFileReference; fileEncoding = 4; lastKnownFileType = sourcecode.c.objc; path = "UIImage+AddMethods.m"; sourceTree = "<group>"; };
		2512E8E21F28655000449AF2 /* NSDate+AddMethods.h */ = {isa = PBXFileReference; fileEncoding = 4; lastKnownFileType = sourcecode.c.h; path = "NSDate+AddMethods.h"; sourceTree = "<group>"; };
		2512E8E31F28655000449AF2 /* NSDate+AddMethods.m */ = {isa = PBXFileReference; fileEncoding = 4; lastKnownFileType = sourcecode.c.objc; path = "NSDate+AddMethods.m"; sourceTree = "<group>"; };
		2512E8E51F286D3100449AF2 /* NSString+AddMethods.h */ = {isa = PBXFileReference; fileEncoding = 4; lastKnownFileType = sourcecode.c.h; path = "NSString+AddMethods.h"; sourceTree = "<group>"; };
		2512E8E61F286D3100449AF2 /* NSString+AddMethods.m */ = {isa = PBXFileReference; fileEncoding = 4; lastKnownFileType = sourcecode.c.objc; path = "NSString+AddMethods.m"; sourceTree = "<group>"; };
		2512E8E81F287CD700449AF2 /* UIButton+AddMethods.h */ = {isa = PBXFileReference; fileEncoding = 4; lastKnownFileType = sourcecode.c.h; path = "UIButton+AddMethods.h"; sourceTree = "<group>"; };
		2512E8E91F287CD700449AF2 /* UIButton+AddMethods.m */ = {isa = PBXFileReference; fileEncoding = 4; lastKnownFileType = sourcecode.c.objc; path = "UIButton+AddMethods.m"; sourceTree = "<group>"; };
		2512E8EB1F28808000449AF2 /* UIColor+AddMethods.h */ = {isa = PBXFileReference; fileEncoding = 4; lastKnownFileType = sourcecode.c.h; path = "UIColor+AddMethods.h"; sourceTree = "<group>"; };
		2512E8EC1F28808000449AF2 /* UIColor+AddMethods.m */ = {isa = PBXFileReference; fileEncoding = 4; lastKnownFileType = sourcecode.c.objc; path = "UIColor+AddMethods.m"; sourceTree = "<group>"; };
		2512E8F11F28879800449AF2 /* PXLHomeModel.h */ = {isa = PBXFileReference; fileEncoding = 4; lastKnownFileType = sourcecode.c.h; path = PXLHomeModel.h; sourceTree = "<group>"; };
		2512E8F21F28879800449AF2 /* PXLHomeModel.m */ = {isa = PBXFileReference; fileEncoding = 4; lastKnownFileType = sourcecode.c.objc; path = PXLHomeModel.m; sourceTree = "<group>"; };
		2512E8F41F2887B000449AF2 /* PXLHomeView.h */ = {isa = PBXFileReference; fileEncoding = 4; lastKnownFileType = sourcecode.c.h; path = PXLHomeView.h; sourceTree = "<group>"; };
		2512E8F51F2887B000449AF2 /* PXLHomeView.m */ = {isa = PBXFileReference; fileEncoding = 4; lastKnownFileType = sourcecode.c.objc; path = PXLHomeView.m; sourceTree = "<group>"; };
		251536B71F41A07100FFF640 /* TabBarInfo.plist */ = {isa = PBXFileReference; fileEncoding = 4; lastKnownFileType = text.plist.xml; name = TabBarInfo.plist; path = SupportingFiles/TabBarInfo.plist; sourceTree = "<group>"; };
		251536BA1F41A73F00FFF640 /* JY_TabBarController.h */ = {isa = PBXFileReference; fileEncoding = 4; lastKnownFileType = sourcecode.c.h; path = JY_TabBarController.h; sourceTree = "<group>"; };
		251536BB1F41A73F00FFF640 /* JY_TabBarController.m */ = {isa = PBXFileReference; fileEncoding = 4; lastKnownFileType = sourcecode.c.objc; path = JY_TabBarController.m; sourceTree = "<group>"; };
		251536BD1F41A77300FFF640 /* JY_NavigationVController.h */ = {isa = PBXFileReference; fileEncoding = 4; lastKnownFileType = sourcecode.c.h; path = JY_NavigationVController.h; sourceTree = "<group>"; };
		251536BE1F41A77300FFF640 /* JY_NavigationVController.m */ = {isa = PBXFileReference; fileEncoding = 4; lastKnownFileType = sourcecode.c.objc; path = JY_NavigationVController.m; sourceTree = "<group>"; };
		251592491F3AB85900AC9B76 /* JY_HttpDownloadProxy.h */ = {isa = PBXFileReference; fileEncoding = 4; lastKnownFileType = sourcecode.c.h; path = JY_HttpDownloadProxy.h; sourceTree = "<group>"; };
		2515924A1F3AB85900AC9B76 /* JY_HttpDownloadProxy.m */ = {isa = PBXFileReference; fileEncoding = 4; lastKnownFileType = sourcecode.c.objc; path = JY_HttpDownloadProxy.m; sourceTree = "<group>"; };
		2515924C1F3ABA5D00AC9B76 /* JY_HttpDownload.h */ = {isa = PBXFileReference; fileEncoding = 4; lastKnownFileType = sourcecode.c.h; path = JY_HttpDownload.h; sourceTree = "<group>"; };
		2515924D1F3ABA5D00AC9B76 /* JY_HttpDownload.m */ = {isa = PBXFileReference; fileEncoding = 4; lastKnownFileType = sourcecode.c.objc; path = JY_HttpDownload.m; sourceTree = "<group>"; };
		2515924F1F3ABD4A00AC9B76 /* Jy_BaseDownloadModel.h */ = {isa = PBXFileReference; fileEncoding = 4; lastKnownFileType = sourcecode.c.h; path = Jy_BaseDownloadModel.h; sourceTree = "<group>"; };
		251592501F3ABD4A00AC9B76 /* Jy_BaseDownloadModel.m */ = {isa = PBXFileReference; fileEncoding = 4; lastKnownFileType = sourcecode.c.objc; path = Jy_BaseDownloadModel.m; sourceTree = "<group>"; };
		251592521F3ADC7E00AC9B76 /* PXLDownLoadViewController.h */ = {isa = PBXFileReference; fileEncoding = 4; lastKnownFileType = sourcecode.c.h; path = PXLDownLoadViewController.h; sourceTree = "<group>"; };
		251592531F3ADC7E00AC9B76 /* PXLDownLoadViewController.m */ = {isa = PBXFileReference; fileEncoding = 4; lastKnownFileType = sourcecode.c.objc; path = PXLDownLoadViewController.m; sourceTree = "<group>"; };
		251694C71F3026F400279E6B /* JYProgressHUD.h */ = {isa = PBXFileReference; fileEncoding = 4; lastKnownFileType = sourcecode.c.h; path = JYProgressHUD.h; sourceTree = "<group>"; };
		251694C81F3026F400279E6B /* JYProgressHUD.m */ = {isa = PBXFileReference; fileEncoding = 4; lastKnownFileType = sourcecode.c.objc; path = JYProgressHUD.m; sourceTree = "<group>"; };
		251694CA1F3028A900279E6B /* JYModelView.h */ = {isa = PBXFileReference; fileEncoding = 4; lastKnownFileType = sourcecode.c.h; path = JYModelView.h; sourceTree = "<group>"; };
		251694CB1F3028A900279E6B /* JYModelView.m */ = {isa = PBXFileReference; fileEncoding = 4; lastKnownFileType = sourcecode.c.objc; path = JYModelView.m; sourceTree = "<group>"; };
		251694CD1F302AE700279E6B /* JYModelModel.h */ = {isa = PBXFileReference; fileEncoding = 4; lastKnownFileType = sourcecode.c.h; path = JYModelModel.h; sourceTree = "<group>"; };
		251694CE1F302AE700279E6B /* JYModelModel.m */ = {isa = PBXFileReference; fileEncoding = 4; lastKnownFileType = sourcecode.c.objc; path = JYModelModel.m; sourceTree = "<group>"; };
		251694D01F302B8C00279E6B /* JYModelViewController.h */ = {isa = PBXFileReference; fileEncoding = 4; lastKnownFileType = sourcecode.c.h; path = JYModelViewController.h; sourceTree = "<group>"; };
		251694D11F302B8C00279E6B /* JYModelViewController.m */ = {isa = PBXFileReference; fileEncoding = 4; lastKnownFileType = sourcecode.c.objc; path = JYModelViewController.m; sourceTree = "<group>"; };
		25198E0C1F2EAD0A00F481CA /* JY_BaseResponseModel.h */ = {isa = PBXFileReference; fileEncoding = 4; lastKnownFileType = sourcecode.c.h; path = JY_BaseResponseModel.h; sourceTree = "<group>"; };
		25198E0D1F2EAD0A00F481CA /* JY_BaseResponseModel.m */ = {isa = PBXFileReference; fileEncoding = 4; lastKnownFileType = sourcecode.c.objc; path = JY_BaseResponseModel.m; sourceTree = "<group>"; };
		251D386E1F32A62E00246B35 /* JY_HttpRequestManager.h */ = {isa = PBXFileReference; fileEncoding = 4; lastKnownFileType = sourcecode.c.h; path = JY_HttpRequestManager.h; sourceTree = "<group>"; };
		251D386F1F32A62E00246B35 /* JY_HttpRequestManager.m */ = {isa = PBXFileReference; fileEncoding = 4; lastKnownFileType = sourcecode.c.objc; path = JY_HttpRequestManager.m; sourceTree = "<group>"; };
		251D38761F32F6AE00246B35 /* UserModel.h */ = {isa = PBXFileReference; fileEncoding = 4; lastKnownFileType = sourcecode.c.h; path = UserModel.h; sourceTree = "<group>"; };
		251D38771F32F6AE00246B35 /* UserModel.m */ = {isa = PBXFileReference; fileEncoding = 4; lastKnownFileType = sourcecode.c.objc; path = UserModel.m; sourceTree = "<group>"; };
		252FCE861F3161B1008FADD9 /* JYNoNetWorkView.h */ = {isa = PBXFileReference; fileEncoding = 4; lastKnownFileType = sourcecode.c.h; path = JYNoNetWorkView.h; sourceTree = "<group>"; };
		252FCE871F3161B1008FADD9 /* JYNoNetWorkView.m */ = {isa = PBXFileReference; fileEncoding = 4; lastKnownFileType = sourcecode.c.objc; path = JYNoNetWorkView.m; sourceTree = "<group>"; };
		252FCE891F316CD9008FADD9 /* JYConstStyle.h */ = {isa = PBXFileReference; lastKnownFileType = sourcecode.c.h; path = JYConstStyle.h; sourceTree = "<group>"; };
		252FCE8B1F31C6A9008FADD9 /* JYCache.h */ = {isa = PBXFileReference; fileEncoding = 4; lastKnownFileType = sourcecode.c.h; path = JYCache.h; sourceTree = "<group>"; };
		252FCE8C1F31C6A9008FADD9 /* JYCache.m */ = {isa = PBXFileReference; fileEncoding = 4; lastKnownFileType = sourcecode.c.objc; path = JYCache.m; sourceTree = "<group>"; };
		253647171F2B19DE001F78C4 /* JY_HttpRequestConfiguration.h */ = {isa = PBXFileReference; lastKnownFileType = sourcecode.c.h; path = JY_HttpRequestConfiguration.h; sourceTree = "<group>"; };
		253B9D521F2EC83100890D24 /* JY_MonitorNewWork.h */ = {isa = PBXFileReference; fileEncoding = 4; lastKnownFileType = sourcecode.c.h; path = JY_MonitorNewWork.h; sourceTree = "<group>"; };
		253B9D531F2EC83100890D24 /* JY_MonitorNewWork.m */ = {isa = PBXFileReference; fileEncoding = 4; lastKnownFileType = sourcecode.c.objc; path = JY_MonitorNewWork.m; sourceTree = "<group>"; };
		253B9D551F2ED1AC00890D24 /* JY_NetWork.h */ = {isa = PBXFileReference; lastKnownFileType = sourcecode.c.h; path = JY_NetWork.h; sourceTree = "<group>"; };
		253B9D561F2ED3E200890D24 /* JY_HttpRequest.h */ = {isa = PBXFileReference; fileEncoding = 4; lastKnownFileType = sourcecode.c.h; path = JY_HttpRequest.h; sourceTree = "<group>"; };
		253B9D571F2ED3E200890D24 /* JY_HttpRequest.m */ = {isa = PBXFileReference; fileEncoding = 4; lastKnownFileType = sourcecode.c.objc; path = JY_HttpRequest.m; sourceTree = "<group>"; };
		253B9D591F2EF8E100890D24 /* JYConstantMacro.h */ = {isa = PBXFileReference; lastKnownFileType = sourcecode.c.h; path = JYConstantMacro.h; sourceTree = "<group>"; };
		253B9D5A1F2EF8F500890D24 /* JYMethodMacro.h */ = {isa = PBXFileReference; lastKnownFileType = sourcecode.c.h; path = JYMethodMacro.h; sourceTree = "<group>"; };
		25B422B61F2F277700072214 /* PXLHomeSubModel.h */ = {isa = PBXFileReference; fileEncoding = 4; lastKnownFileType = sourcecode.c.h; path = PXLHomeSubModel.h; sourceTree = "<group>"; };
		25B422B71F2F277700072214 /* PXLHomeSubModel.m */ = {isa = PBXFileReference; fileEncoding = 4; lastKnownFileType = sourcecode.c.objc; path = PXLHomeSubModel.m; sourceTree = "<group>"; };
		25D4DFB41F34535000313DC6 /* JYMD5.h */ = {isa = PBXFileReference; fileEncoding = 4; lastKnownFileType = sourcecode.c.h; path = JYMD5.h; sourceTree = "<group>"; };
		25D4DFB51F34535000313DC6 /* JYMD5.m */ = {isa = PBXFileReference; fileEncoding = 4; lastKnownFileType = sourcecode.c.objc; path = JYMD5.m; sourceTree = "<group>"; };
		6573FCC186723583E5A2AD9D /* Pods-JYProject.release.xcconfig */ = {isa = PBXFileReference; includeInIndex = 1; lastKnownFileType = text.xcconfig; name = "Pods-JYProject.release.xcconfig"; path = "Pods/Target Support Files/Pods-JYProject/Pods-JYProject.release.xcconfig"; sourceTree = "<group>"; };
		65AB226639E0E6E966EA58B0 /* libPods-JYProject.a */ = {isa = PBXFileReference; explicitFileType = archive.ar; includeInIndex = 0; path = "libPods-JYProject.a"; sourceTree = BUILT_PRODUCTS_DIR; };
		7C9E61B2288F73DD15D57A4C /* Pods-JYProject.debug.xcconfig */ = {isa = PBXFileReference; includeInIndex = 1; lastKnownFileType = text.xcconfig; name = "Pods-JYProject.debug.xcconfig"; path = "Pods/Target Support Files/Pods-JYProject/Pods-JYProject.debug.xcconfig"; sourceTree = "<group>"; };
/* End PBXFileReference section */

/* Begin PBXFrameworksBuildPhase section */
		2508E66D1F2742DE00859C5B /* Frameworks */ = {
			isa = PBXFrameworksBuildPhase;
			buildActionMask = 2147483647;
			files = (
				2508E6781F2742DE00859C5B /* CoreGraphics.framework in Frameworks */,
				2508E6741F2742DE00859C5B /* UIKit.framework in Frameworks */,
				2508E6761F2742DE00859C5B /* Foundation.framework in Frameworks */,
				34C5F5A24C1938571327DA75 /* libPods-JYProject.a in Frameworks */,
			);
			runOnlyForDeploymentPostprocessing = 0;
		};
/* End PBXFrameworksBuildPhase section */

/* Begin PBXGroup section */
		2508E6671F2742DE00859C5B = {
			isa = PBXGroup;
			children = (
				2508E6791F2742DE00859C5B /* JYProject */,
				2508E6721F2742DE00859C5B /* Frameworks */,
				2508E6711F2742DE00859C5B /* Products */,
				7AC99E5A0D7F83801522C66A /* Pods */,
			);
			sourceTree = "<group>";
		};
		2508E6711F2742DE00859C5B /* Products */ = {
			isa = PBXGroup;
			children = (
				2508E6701F2742DE00859C5B /* JYProject.app */,
			);
			name = Products;
			sourceTree = "<group>";
		};
		2508E6721F2742DE00859C5B /* Frameworks */ = {
			isa = PBXGroup;
			children = (
				2508E6731F2742DE00859C5B /* UIKit.framework */,
				2508E6751F2742DE00859C5B /* Foundation.framework */,
				2508E6771F2742DE00859C5B /* CoreGraphics.framework */,
				65AB226639E0E6E966EA58B0 /* libPods-JYProject.a */,
			);
			name = Frameworks;
			sourceTree = "<group>";
		};
		2508E6791F2742DE00859C5B /* JYProject */ = {
			isa = PBXGroup;
			children = (
				2508E6841F2742DE00859C5B /* Application */,
				2508E6901F2749BF00859C5B /* Expand */,
				2508E6911F2749C000859C5B /* Resources */,
				2508E67C1F2742DE00859C5B /* SupportingFiles */,
			);
			path = JYProject;
			sourceTree = "<group>";
		};
		2508E67C1F2742DE00859C5B /* SupportingFiles */ = {
			isa = PBXGroup;
			children = (
				2508E6941F274AA000859C5B /* AppDelegate.h */,
				2508E6951F274AA000859C5B /* AppDelegate.m */,
				2508E67D1F2742DE00859C5B /* Info.plist */,
				2508E67E1F2742DE00859C5B /* Prefix.pch */,
				2508E67F1F2742DE00859C5B /* main.m */,
				251536B71F41A07100FFF640 /* TabBarInfo.plist */,
			);
			name = SupportingFiles;
			sourceTree = "<group>";
		};
		2508E6841F2742DE00859C5B /* Application */ = {
			isa = PBXGroup;
			children = (
				251D38711F32F66C00246B35 /* Login */,
				2508E6981F274AE100859C5B /* Home */,
			);
			name = Application;
			sourceTree = "<group>";
		};
		2508E6901F2749BF00859C5B /* Expand */ = {
			isa = PBXGroup;
			children = (
				251536B91F41A70700FFF640 /* Bar */,
				25D4DFB01F344CAA00313DC6 /* DataEncryption */,
				252FCE8A1F31C671008FADD9 /* Cache */,
				25509AA71F2BFC1D00F1065B /* ShowBox */,
				25199E791F298FAB00A6A87D /* NetWork */,
				2512E8D51F28335900449AF2 /* Category */,
				2508E69F1F274C3E00859C5B /* Macro */,
			);
			path = Expand;
			sourceTree = "<group>";
		};
		2508E6911F2749C000859C5B /* Resources */ = {
			isa = PBXGroup;
			children = (
				2508E6921F2749F000859C5B /* Images.xcassets */,
			);
			path = Resources;
			sourceTree = "<group>";
		};
		2508E6981F274AE100859C5B /* Home */ = {
			isa = PBXGroup;
			children = (
				251694BE1F3001D400279E6B /* HomeManage */,
				2508E6991F274AE100859C5B /* HomeModels */,
				2508E69A1F274AE100859C5B /* HomeViewControllers */,
				2508E69B1F274AE100859C5B /* HomeViews */,
			);
			name = Home;
			path = Application/Home;
			sourceTree = "<group>";
		};
		2508E6991F274AE100859C5B /* HomeModels */ = {
			isa = PBXGroup;
			children = (
				2512E8F11F28879800449AF2 /* PXLHomeModel.h */,
				2512E8F21F28879800449AF2 /* PXLHomeModel.m */,
				25B422B61F2F277700072214 /* PXLHomeSubModel.h */,
				25B422B71F2F277700072214 /* PXLHomeSubModel.m */,
				251694CD1F302AE700279E6B /* JYModelModel.h */,
				251694CE1F302AE700279E6B /* JYModelModel.m */,
			);
			path = HomeModels;
			sourceTree = "<group>";
		};
		2508E69A1F274AE100859C5B /* HomeViewControllers */ = {
			isa = PBXGroup;
			children = (
				2508E69C1F274B3D00859C5B /* PXLHomeViewController.h */,
				2508E69D1F274B3D00859C5B /* PXLHomeViewController.m */,
				251694D01F302B8C00279E6B /* JYModelViewController.h */,
				251694D11F302B8C00279E6B /* JYModelViewController.m */,
				251592521F3ADC7E00AC9B76 /* PXLDownLoadViewController.h */,
				251592531F3ADC7E00AC9B76 /* PXLDownLoadViewController.m */,
			);
			path = HomeViewControllers;
			sourceTree = "<group>";
		};
		2508E69B1F274AE100859C5B /* HomeViews */ = {
			isa = PBXGroup;
			children = (
				2512E8F41F2887B000449AF2 /* PXLHomeView.h */,
				2512E8F51F2887B000449AF2 /* PXLHomeView.m */,
				251694CA1F3028A900279E6B /* JYModelView.h */,
				251694CB1F3028A900279E6B /* JYModelView.m */,
			);
			path = HomeViews;
			sourceTree = "<group>";
		};
		2508E69F1F274C3E00859C5B /* Macro */ = {
			isa = PBXGroup;
			children = (
				253B9D591F2EF8E100890D24 /* JYConstantMacro.h */,
				253B9D5A1F2EF8F500890D24 /* JYMethodMacro.h */,
				252FCE891F316CD9008FADD9 /* JYConstStyle.h */,
			);
			path = Macro;
			sourceTree = "<group>";
		};
		2512E8D51F28335900449AF2 /* Category */ = {
			isa = PBXGroup;
			children = (
				2512E8D91F283B9400449AF2 /* UIView+AddAttributes.h */,
				2512E8DA1F283B9400449AF2 /* UIView+AddAttributes.m */,
				2512E8DC1F283C2D00449AF2 /* UIView+AddMethods.h */,
				2512E8DD1F283C2D00449AF2 /* UIView+AddMethods.m */,
				2512E8DF1F28620200449AF2 /* UIImage+AddMethods.h */,
				2512E8E01F28620200449AF2 /* UIImage+AddMethods.m */,
				2512E8E81F287CD700449AF2 /* UIButton+AddMethods.h */,
				2512E8E91F287CD700449AF2 /* UIButton+AddMethods.m */,
				2512E8EB1F28808000449AF2 /* UIColor+AddMethods.h */,
				2512E8EC1F28808000449AF2 /* UIColor+AddMethods.m */,
				2512E8E21F28655000449AF2 /* NSDate+AddMethods.h */,
				2512E8E31F28655000449AF2 /* NSDate+AddMethods.m */,
				2512E8E51F286D3100449AF2 /* NSString+AddMethods.h */,
				2512E8E61F286D3100449AF2 /* NSString+AddMethods.m */,
				2510C6D41F2DAE380040EDB8 /* NSObject+AddMethods.h */,
				2510C6D51F2DAE380040EDB8 /* NSObject+AddMethods.m */,
			);
			path = Category;
			sourceTree = "<group>";
		};
		251536B91F41A70700FFF640 /* Bar */ = {
			isa = PBXGroup;
			children = (
				251536BD1F41A77300FFF640 /* JY_NavigationVController.h */,
				251536BE1F41A77300FFF640 /* JY_NavigationVController.m */,
				251536BA1F41A73F00FFF640 /* JY_TabBarController.h */,
				251536BB1F41A73F00FFF640 /* JY_TabBarController.m */,
			);
			path = Bar;
			sourceTree = "<group>";
		};
		251694BE1F3001D400279E6B /* HomeManage */ = {
			isa = PBXGroup;
			children = (
			);
			path = HomeManage;
			sourceTree = "<group>";
		};
		25199E791F298FAB00A6A87D /* NetWork */ = {
			isa = PBXGroup;
			children = (
				253B9D551F2ED1AC00890D24 /* JY_NetWork.h */,
				253647131F2B19C2001F78C4 /* NetWork */,
				254E28001F39928600DAB769 /* NetWorkDownloadTool */,
			);
			path = NetWork;
			sourceTree = "<group>";
		};
		251D38711F32F66C00246B35 /* Login */ = {
			isa = PBXGroup;
			children = (
				251D38721F32F66C00246B35 /* LoginController */,
				251D38731F32F66C00246B35 /* LoginManage */,
				251D38741F32F66C00246B35 /* LoginModel */,
				251D38751F32F66C00246B35 /* LoginView */,
			);
			name = Login;
			path = Application/Login;
			sourceTree = "<group>";
		};
		251D38721F32F66C00246B35 /* LoginController */ = {
			isa = PBXGroup;
			children = (
			);
			path = LoginController;
			sourceTree = "<group>";
		};
		251D38731F32F66C00246B35 /* LoginManage */ = {
			isa = PBXGroup;
			children = (
			);
			path = LoginManage;
			sourceTree = "<group>";
		};
		251D38741F32F66C00246B35 /* LoginModel */ = {
			isa = PBXGroup;
			children = (
				251D38761F32F6AE00246B35 /* UserModel.h */,
				251D38771F32F6AE00246B35 /* UserModel.m */,
			);
			path = LoginModel;
			sourceTree = "<group>";
		};
		251D38751F32F66C00246B35 /* LoginView */ = {
			isa = PBXGroup;
			children = (
			);
			path = LoginView;
			sourceTree = "<group>";
		};
		252FCE8A1F31C671008FADD9 /* Cache */ = {
			isa = PBXGroup;
			children = (
				252FCE8B1F31C6A9008FADD9 /* JYCache.h */,
				252FCE8C1F31C6A9008FADD9 /* JYCache.m */,
			);
			path = Cache;
			sourceTree = "<group>";
		};
		253647131F2B19C2001F78C4 /* NetWork */ = {
			isa = PBXGroup;
			children = (
				253647171F2B19DE001F78C4 /* JY_HttpRequestConfiguration.h */,
				251D386E1F32A62E00246B35 /* JY_HttpRequestManager.h */,
				251D386F1F32A62E00246B35 /* JY_HttpRequestManager.m */,
				253B9D561F2ED3E200890D24 /* JY_HttpRequest.h */,
				253B9D571F2ED3E200890D24 /* JY_HttpRequest.m */,
				2510C6D11F2D84FC0040EDB8 /* JY_HttpResponse.h */,
				2510C6D21F2D84FC0040EDB8 /* JY_HttpResponse.m */,
				2510C6CE1F2D7B800040EDB8 /* JY_HttpProxy.h */,
				2510C6CF1F2D7B800040EDB8 /* JY_HttpProxy.m */,
				253B9D521F2EC83100890D24 /* JY_MonitorNewWork.h */,
				253B9D531F2EC83100890D24 /* JY_MonitorNewWork.m */,
				25198E0C1F2EAD0A00F481CA /* JY_BaseResponseModel.h */,
				25198E0D1F2EAD0A00F481CA /* JY_BaseResponseModel.m */,
			);
			path = NetWork;
			sourceTree = "<group>";
		};
		254E28001F39928600DAB769 /* NetWorkDownloadTool */ = {
			isa = PBXGroup;
			children = (
				2515924C1F3ABA5D00AC9B76 /* JY_HttpDownload.h */,
				2515924D1F3ABA5D00AC9B76 /* JY_HttpDownload.m */,
				251592491F3AB85900AC9B76 /* JY_HttpDownloadProxy.h */,
				2515924A1F3AB85900AC9B76 /* JY_HttpDownloadProxy.m */,
				2515924F1F3ABD4A00AC9B76 /* Jy_BaseDownloadModel.h */,
				251592501F3ABD4A00AC9B76 /* Jy_BaseDownloadModel.m */,
			);
			path = NetWorkDownloadTool;
			sourceTree = "<group>";
		};
		25509AA71F2BFC1D00F1065B /* ShowBox */ = {
			isa = PBXGroup;
			children = (
				251694C71F3026F400279E6B /* JYProgressHUD.h */,
				251694C81F3026F400279E6B /* JYProgressHUD.m */,
				252FCE861F3161B1008FADD9 /* JYNoNetWorkView.h */,
				252FCE871F3161B1008FADD9 /* JYNoNetWorkView.m */,
			);
			path = ShowBox;
			sourceTree = "<group>";
		};
		25D4DFB01F344CAA00313DC6 /* DataEncryption */ = {
			isa = PBXGroup;
			children = (
				25D4DFB41F34535000313DC6 /* JYMD5.h */,
				25D4DFB51F34535000313DC6 /* JYMD5.m */,
			);
			path = DataEncryption;
			sourceTree = "<group>";
		};
		7AC99E5A0D7F83801522C66A /* Pods */ = {
			isa = PBXGroup;
			children = (
				6573FCC186723583E5A2AD9D /* Pods-JYProject.release.xcconfig */,
				7C9E61B2288F73DD15D57A4C /* Pods-JYProject.debug.xcconfig */,
			);
			name = Pods;
			sourceTree = "<group>";
		};
/* End PBXGroup section */

/* Begin PBXNativeTarget section */
		2508E66F1F2742DE00859C5B /* JYProject */ = {
			isa = PBXNativeTarget;
			buildConfigurationList = 2508E68D1F2742DE00859C5B /* Build configuration list for PBXNativeTarget "JYProject" */;
			buildPhases = (
				E370612C2D4AE39D9EB1AE84 /* [CP] Check Pods Manifest.lock */,
				2508E66C1F2742DE00859C5B /* Sources */,
				2508E66D1F2742DE00859C5B /* Frameworks */,
				2508E66E1F2742DE00859C5B /* Resources */,
				A852037D1FEC271B44847849 /* [CP] Embed Pods Frameworks */,
				CE80CC408B38C4FF71FE4D76 /* [CP] Copy Pods Resources */,
			);
			buildRules = (
			);
			dependencies = (
			);
			name = JYProject;
			productName = JYProject;
			productReference = 2508E6701F2742DE00859C5B /* JYProject.app */;
			productType = "com.apple.product-type.application";
		};
/* End PBXNativeTarget section */

/* Begin PBXProject section */
		2508E6681F2742DE00859C5B /* Project object */ = {
			isa = PBXProject;
			attributes = {
				LastUpgradeCheck = 0830;
				ORGANIZATIONNAME = dayou;
				TargetAttributes = {
					2508E66F1F2742DE00859C5B = {
						CreatedOnToolsVersion = 8.3.2;
						DevelopmentTeam = D8WJG285HB;
						ProvisioningStyle = Automatic;
					};
				};
			};
			buildConfigurationList = 2508E66B1F2742DE00859C5B /* Build configuration list for PBXProject "JYProject" */;
			compatibilityVersion = "Xcode 3.2";
			developmentRegion = English;
			hasScannedForEncodings = 0;
			knownRegions = (
				en,
			);
			mainGroup = 2508E6671F2742DE00859C5B;
			productRefGroup = 2508E6711F2742DE00859C5B /* Products */;
			projectDirPath = "";
			projectRoot = "";
			targets = (
				2508E66F1F2742DE00859C5B /* JYProject */,
			);
		};
/* End PBXProject section */

/* Begin PBXResourcesBuildPhase section */
		2508E66E1F2742DE00859C5B /* Resources */ = {
			isa = PBXResourcesBuildPhase;
			buildActionMask = 2147483647;
			files = (
				251536B81F41A07100FFF640 /* TabBarInfo.plist in Resources */,
				2508E6931F2749F000859C5B /* Images.xcassets in Resources */,
			);
			runOnlyForDeploymentPostprocessing = 0;
		};
/* End PBXResourcesBuildPhase section */

/* Begin PBXShellScriptBuildPhase section */
		A852037D1FEC271B44847849 /* [CP] Embed Pods Frameworks */ = {
			isa = PBXShellScriptBuildPhase;
			buildActionMask = 2147483647;
			files = (
			);
			inputPaths = (
				"${SRCROOT}/Pods/Target Support Files/Pods-JYProject/Pods-JYProject-frameworks.sh",
				"${BUILT_PRODUCTS_DIR}/AFNetworking/AFNetworking.framework",
				"${BUILT_PRODUCTS_DIR}/MBProgressHUD/MBProgressHUD.framework",
				"${BUILT_PRODUCTS_DIR}/MJExtension/MJExtension.framework",
				"${BUILT_PRODUCTS_DIR}/MJRefresh/MJRefresh.framework",
				"${BUILT_PRODUCTS_DIR}/Masonry/Masonry.framework",
				"${BUILT_PRODUCTS_DIR}/SDWebImage/SDWebImage.framework",
				"${BUILT_PRODUCTS_DIR}/YYCache/YYCache.framework",
				"${BUILT_PRODUCTS_DIR}/YYModel/YYModel.framework",
			);
			name = "[CP] Embed Pods Frameworks";
			outputPaths = (
				"${TARGET_BUILD_DIR}/${FRAMEWORKS_FOLDER_PATH}/AFNetworking.framework",
				"${TARGET_BUILD_DIR}/${FRAMEWORKS_FOLDER_PATH}/MBProgressHUD.framework",
				"${TARGET_BUILD_DIR}/${FRAMEWORKS_FOLDER_PATH}/MJExtension.framework",
				"${TARGET_BUILD_DIR}/${FRAMEWORKS_FOLDER_PATH}/MJRefresh.framework",
				"${TARGET_BUILD_DIR}/${FRAMEWORKS_FOLDER_PATH}/Masonry.framework",
				"${TARGET_BUILD_DIR}/${FRAMEWORKS_FOLDER_PATH}/SDWebImage.framework",
				"${TARGET_BUILD_DIR}/${FRAMEWORKS_FOLDER_PATH}/YYCache.framework",
				"${TARGET_BUILD_DIR}/${FRAMEWORKS_FOLDER_PATH}/YYModel.framework",
			);
			runOnlyForDeploymentPostprocessing = 0;
			shellPath = /bin/sh;
			shellScript = "\"${SRCROOT}/Pods/Target Support Files/Pods-JYProject/Pods-JYProject-frameworks.sh\"\n";
			showEnvVarsInLog = 0;
		};
		CE80CC408B38C4FF71FE4D76 /* [CP] Copy Pods Resources */ = {
			isa = PBXShellScriptBuildPhase;
			buildActionMask = 2147483647;
			files = (
			);
			inputPaths = (
				"${SRCROOT}/Pods/Target Support Files/Pods-JYProject/Pods-JYProject-resources.sh",
				"${PODS_ROOT}/MJRefresh/MJRefresh/MJRefresh.bundle",
			);
			name = "[CP] Copy Pods Resources";
			outputPaths = (
				"${TARGET_BUILD_DIR}/${UNLOCALIZED_RESOURCES_FOLDER_PATH}",
			);
			runOnlyForDeploymentPostprocessing = 0;
			shellPath = /bin/sh;
			shellScript = "\"${SRCROOT}/Pods/Target Support Files/Pods-JYProject/Pods-JYProject-resources.sh\"\n";
			showEnvVarsInLog = 0;
		};
		E370612C2D4AE39D9EB1AE84 /* [CP] Check Pods Manifest.lock */ = {
			isa = PBXShellScriptBuildPhase;
			buildActionMask = 2147483647;
			files = (
			);
			inputPaths = (
				"${PODS_PODFILE_DIR_PATH}/Podfile.lock",
				"${PODS_ROOT}/Manifest.lock",
			);
			name = "[CP] Check Pods Manifest.lock";
			outputPaths = (
				"$(DERIVED_FILE_DIR)/Pods-JYProject-checkManifestLockResult.txt",
			);
			runOnlyForDeploymentPostprocessing = 0;
			shellPath = /bin/sh;
			shellScript = "diff \"${PODS_PODFILE_DIR_PATH}/Podfile.lock\" \"${PODS_ROOT}/Manifest.lock\" > /dev/null\nif [ $? != 0 ] ; then\n    # print error to STDERR\n    echo \"error: The sandbox is not in sync with the Podfile.lock. Run 'pod install' or update your CocoaPods installation.\" >&2\n    exit 1\nfi\n# This output is used by Xcode 'outputs' to avoid re-running this script phase.\necho \"SUCCESS\" > \"${SCRIPT_OUTPUT_FILE_0}\"\n";
			showEnvVarsInLog = 0;
		};
/* End PBXShellScriptBuildPhase section */

/* Begin PBXSourcesBuildPhase section */
		2508E66C1F2742DE00859C5B /* Sources */ = {
			isa = PBXSourcesBuildPhase;
			buildActionMask = 2147483647;
			files = (
				2512E8E71F286D3100449AF2 /* NSString+AddMethods.m in Sources */,
				251592541F3ADC7E00AC9B76 /* PXLDownLoadViewController.m in Sources */,
				251694CC1F3028A900279E6B /* JYModelView.m in Sources */,
				2512E8DE1F283C2D00449AF2 /* UIView+AddMethods.m in Sources */,
				2508E69E1F274B3D00859C5B /* PXLHomeViewController.m in Sources */,
				2512E8E11F28620200449AF2 /* UIImage+AddMethods.m in Sources */,
				252FCE8D1F31C6A9008FADD9 /* JYCache.m in Sources */,
				252FCE881F3161B1008FADD9 /* JYNoNetWorkView.m in Sources */,
				2515924B1F3AB85900AC9B76 /* JY_HttpDownloadProxy.m in Sources */,
				251536BF1F41A77300FFF640 /* JY_NavigationVController.m in Sources */,
				251536BC1F41A73F00FFF640 /* JY_TabBarController.m in Sources */,
				251694C91F3026F400279E6B /* JYProgressHUD.m in Sources */,
				2515924E1F3ABA5D00AC9B76 /* JY_HttpDownload.m in Sources */,
				25B422B81F2F277700072214 /* PXLHomeSubModel.m in Sources */,
				251694D21F302B8C00279E6B /* JYModelViewController.m in Sources */,
				2512E8ED1F28808000449AF2 /* UIColor+AddMethods.m in Sources */,
				2512E8DB1F283B9400449AF2 /* UIView+AddAttributes.m in Sources */,
				2508E6961F274AA000859C5B /* AppDelegate.m in Sources */,
				253B9D541F2EC83100890D24 /* JY_MonitorNewWork.m in Sources */,
				2512E8F31F28879800449AF2 /* PXLHomeModel.m in Sources */,
				25D4DFB61F34535000313DC6 /* JYMD5.m in Sources */,
				253B9D581F2ED3E200890D24 /* JY_HttpRequest.m in Sources */,
				2510C6D01F2D7B800040EDB8 /* JY_HttpProxy.m in Sources */,
				251D38781F32F6AE00246B35 /* UserModel.m in Sources */,
				2512E8F61F2887B000449AF2 /* PXLHomeView.m in Sources */,
				251592511F3ABD4A00AC9B76 /* Jy_BaseDownloadModel.m in Sources */,
				2512E8E41F28655000449AF2 /* NSDate+AddMethods.m in Sources */,
				2510C6D61F2DAE380040EDB8 /* NSObject+AddMethods.m in Sources */,
				251D38701F32A62E00246B35 /* JY_HttpRequestManager.m in Sources */,
				25198E0E1F2EAD0A00F481CA /* JY_BaseResponseModel.m in Sources */,
				2508E6801F2742DE00859C5B /* main.m in Sources */,
				2510C6D31F2D84FC0040EDB8 /* JY_HttpResponse.m in Sources */,
				251694CF1F302AE700279E6B /* JYModelModel.m in Sources */,
				2512E8EA1F287CD700449AF2 /* UIButton+AddMethods.m in Sources */,
			);
			runOnlyForDeploymentPostprocessing = 0;
		};
/* End PBXSourcesBuildPhase section */

/* Begin XCBuildConfiguration section */
		2508E68B1F2742DE00859C5B /* Debug */ = {
			isa = XCBuildConfiguration;
			buildSettings = {
				ALWAYS_SEARCH_USER_PATHS = NO;
				CLANG_CXX_LANGUAGE_STANDARD = "gnu++0x";
				CLANG_CXX_LIBRARY = "libc++";
				CLANG_ENABLE_MODULES = YES;
				CLANG_ENABLE_OBJC_ARC = YES;
				CLANG_WARN_BOOL_CONVERSION = YES;
				CLANG_WARN_CONSTANT_CONVERSION = YES;
				CLANG_WARN_DIRECT_OBJC_ISA_USAGE = YES_ERROR;
				CLANG_WARN_EMPTY_BODY = YES;
				CLANG_WARN_ENUM_CONVERSION = YES;
				CLANG_WARN_INFINITE_RECURSION = YES;
				CLANG_WARN_INT_CONVERSION = YES;
				CLANG_WARN_OBJC_ROOT_CLASS = YES_ERROR;
				CLANG_WARN_SUSPICIOUS_MOVE = YES;
				CLANG_WARN_UNREACHABLE_CODE = YES;
				CLANG_WARN__DUPLICATE_METHOD_MATCH = YES;
				"CODE_SIGN_IDENTITY[sdk=iphoneos*]" = "iPhone Developer";
				ENABLE_STRICT_OBJC_MSGSEND = YES;
				ENABLE_TESTABILITY = YES;
				GCC_C_LANGUAGE_STANDARD = gnu99;
				GCC_NO_COMMON_BLOCKS = YES;
				GCC_OPTIMIZATION_LEVEL = 0;
				GCC_PREPROCESSOR_DEFINITIONS = DEBUG;
				GCC_SYMBOLS_PRIVATE_EXTERN = NO;
				GCC_WARN_64_TO_32_BIT_CONVERSION = YES;
				GCC_WARN_ABOUT_RETURN_TYPE = YES_ERROR;
				GCC_WARN_UNDECLARED_SELECTOR = YES;
				GCC_WARN_UNINITIALIZED_AUTOS = YES_AGGRESSIVE;
				GCC_WARN_UNUSED_FUNCTION = YES;
				GCC_WARN_UNUSED_VARIABLE = YES;
				IPHONEOS_DEPLOYMENT_TARGET = 8.0;
				ONLY_ACTIVE_ARCH = YES;
				SDKROOT = iphoneos;
				TARGETED_DEVICE_FAMILY = "1,2";
			};
			name = Debug;
		};
		2508E68C1F2742DE00859C5B /* Release */ = {
			isa = XCBuildConfiguration;
			buildSettings = {
				ALWAYS_SEARCH_USER_PATHS = NO;
				CLANG_CXX_LANGUAGE_STANDARD = "gnu++0x";
				CLANG_CXX_LIBRARY = "libc++";
				CLANG_ENABLE_MODULES = YES;
				CLANG_ENABLE_OBJC_ARC = YES;
				CLANG_WARN_BOOL_CONVERSION = YES;
				CLANG_WARN_CONSTANT_CONVERSION = YES;
				CLANG_WARN_DIRECT_OBJC_ISA_USAGE = YES_ERROR;
				CLANG_WARN_EMPTY_BODY = YES;
				CLANG_WARN_ENUM_CONVERSION = YES;
				CLANG_WARN_INFINITE_RECURSION = YES;
				CLANG_WARN_INT_CONVERSION = YES;
				CLANG_WARN_OBJC_ROOT_CLASS = YES_ERROR;
				CLANG_WARN_SUSPICIOUS_MOVE = YES;
				CLANG_WARN_UNREACHABLE_CODE = YES;
				CLANG_WARN__DUPLICATE_METHOD_MATCH = YES;
				"CODE_SIGN_IDENTITY[sdk=iphoneos*]" = "iPhone Developer";
				ENABLE_STRICT_OBJC_MSGSEND = YES;
				GCC_C_LANGUAGE_STANDARD = gnu99;
				GCC_NO_COMMON_BLOCKS = YES;
				GCC_WARN_64_TO_32_BIT_CONVERSION = YES;
				GCC_WARN_ABOUT_RETURN_TYPE = YES_ERROR;
				GCC_WARN_UNDECLARED_SELECTOR = YES;
				GCC_WARN_UNINITIALIZED_AUTOS = YES_AGGRESSIVE;
				GCC_WARN_UNUSED_FUNCTION = YES;
				GCC_WARN_UNUSED_VARIABLE = YES;
				IPHONEOS_DEPLOYMENT_TARGET = 8.0;
				SDKROOT = iphoneos;
				TARGETED_DEVICE_FAMILY = "1,2";
				VALIDATE_PRODUCT = YES;
			};
			name = Release;
		};
		2508E68E1F2742DE00859C5B /* Debug */ = {
			isa = XCBuildConfiguration;
			baseConfigurationReference = 7C9E61B2288F73DD15D57A4C /* Pods-JYProject.debug.xcconfig */;
			buildSettings = {
				ALWAYS_SEARCH_USER_PATHS = NO;
				ASSETCATALOG_COMPILER_APPICON_NAME = AppIcon;
				ASSETCATALOG_COMPILER_LAUNCHIMAGE_NAME = LaunchImage;
				CLANG_WARN_DOCUMENTATION_COMMENTS = NO;
				"CODE_SIGN_IDENTITY[sdk=iphoneos*]" = "iPhone Developer";
				DEVELOPMENT_TEAM = D8WJG285HB;
				GCC_PRECOMPILE_PREFIX_HEADER = YES;
				GCC_PREFIX_HEADER = JYProject/SupportingFiles/Prefix.pch;
				INFOPLIST_FILE = JYProject/SupportingFiles/Info.plist;
				IPHONEOS_DEPLOYMENT_TARGET = 8.0;
				LD_RUNPATH_SEARCH_PATHS = "$(inherited) @executable_path/Frameworks";
				PRODUCT_BUNDLE_IDENTIFIER = "hr.token.$(PRODUCT_NAME:rfc1034identifier)";
				PRODUCT_NAME = "$(TARGET_NAME)";
				PROVISIONING_PROFILE_SPECIFIER = "";
				TargetIdentifier = com.apple.dt.cocoaTouchApplicationTarget;
				WRAPPER_EXTENSION = app;
			};
			name = Debug;
		};
		2508E68F1F2742DE00859C5B /* Release */ = {
			isa = XCBuildConfiguration;
			baseConfigurationReference = 6573FCC186723583E5A2AD9D /* Pods-JYProject.release.xcconfig */;
			buildSettings = {
				ALWAYS_SEARCH_USER_PATHS = NO;
				ASSETCATALOG_COMPILER_APPICON_NAME = AppIcon;
				ASSETCATALOG_COMPILER_LAUNCHIMAGE_NAME = LaunchImage;
				CLANG_WARN_DOCUMENTATION_COMMENTS = NO;
				"CODE_SIGN_IDENTITY[sdk=iphoneos*]" = "iPhone Developer";
				DEVELOPMENT_TEAM = D8WJG285HB;
				GCC_PRECOMPILE_PREFIX_HEADER = YES;
				GCC_PREFIX_HEADER = JYProject/SupportingFiles/Prefix.pch;
				INFOPLIST_FILE = JYProject/SupportingFiles/Info.plist;
				IPHONEOS_DEPLOYMENT_TARGET = 8.0;
				LD_RUNPATH_SEARCH_PATHS = "$(inherited) @executable_path/Frameworks";
				PRODUCT_BUNDLE_IDENTIFIER = "hr.token.$(PRODUCT_NAME:rfc1034identifier)";
				PRODUCT_NAME = "$(TARGET_NAME)";
				PROVISIONING_PROFILE_SPECIFIER = "";
				TargetIdentifier = com.apple.dt.cocoaTouchApplicationTarget;
				WRAPPER_EXTENSION = app;
			};
			name = Release;
		};
/* End XCBuildConfiguration section */

/* Begin XCConfigurationList section */
		2508E66B1F2742DE00859C5B /* Build configuration list for PBXProject "JYProject" */ = {
			isa = XCConfigurationList;
			buildConfigurations = (
				2508E68B1F2742DE00859C5B /* Debug */,
				2508E68C1F2742DE00859C5B /* Release */,
			);
			defaultConfigurationIsVisible = 0;
			defaultConfigurationName = Release;
		};
		2508E68D1F2742DE00859C5B /* Build configuration list for PBXNativeTarget "JYProject" */ = {
			isa = XCConfigurationList;
			buildConfigurations = (
				2508E68E1F2742DE00859C5B /* Debug */,
				2508E68F1F2742DE00859C5B /* Release */,
			);
			defaultConfigurationIsVisible = 0;
			defaultConfigurationName = Release;
		};
/* End XCConfigurationList section */
	};
	rootObject = 2508E6681F2742DE00859C5B /* Project object */;
}
